<?xml version="1.0" encoding="utf-8"?>
<Project ToolsVersion="4.0" xmlns="http://schemas.microsoft.com/developer/msbuild/2003">
  <ItemGroup>
    <Filter Include="Source Files">
      <UniqueIdentifier>{4FC737F1-C7A5-4376-A066-2A32D752A2FF}</UniqueIdentifier>
      <Extensions>cpp;c;cc;cxx;c++;cppm;ixx;def;odl;idl;hpj;bat;asm;asmx</Extensions>
    </Filter>
    <Filter Include="Header Files">
      <UniqueIdentifier>{93995380-89BD-4b04-88EB-625FBE52EBFB}</UniqueIdentifier>
      <Extensions>h;hh;hpp;hxx;h++;hm;inl;inc;ipp;xsd</Extensions>
    </Filter>
    <Filter Include="Resource Files">
      <UniqueIdentifier>{67DA6AB6-F800-4c08-8B7A-83BB121AAD01}</UniqueIdentifier>
      <Extensions>rc;ico;cur;bmp;dlg;rc2;rct;bin;rgs;gif;jpg;jpeg;jpe;resx;tiff;tif;png;wav;mfcribbon-ms</Extensions>
    </Filter>
    <Filter Include="ShaderManager">
      <UniqueIdentifier>{056e4c24-99a0-4424-83cf-50c07b495a63}</UniqueIdentifier>
    </Filter>
    <Filter Include="VAOManager">
      <UniqueIdentifier>{7e2bbd0e-1f53-4554-a834-1b9f1b665678}</UniqueIdentifier>
    </Filter>
    <Filter Include="Physics">
      <UniqueIdentifier>{9579675d-9225-4326-b6b7-c793bea023cf}</UniqueIdentifier>
    </Filter>
    <Filter Include="Physics\Headers">
      <UniqueIdentifier>{bbac7bc4-715c-44f0-9c6a-f5582492d7f8}</UniqueIdentifier>
    </Filter>
    <Filter Include="Physics\Fireworks">
      <UniqueIdentifier>{9a3ff798-98bc-4451-9a43-8162a96cebcb}</UniqueIdentifier>
    </Filter>
    <Filter Include="Physics\Projectiles">
      <UniqueIdentifier>{ad3e0f59-dceb-44ee-8ed5-f9d1ab5e8d01}</UniqueIdentifier>
    </Filter>
    <Filter Include="Configs">
      <UniqueIdentifier>{c1b33484-1d4c-4659-9bb1-fb74b8499b38}</UniqueIdentifier>
    </Filter>
    <Filter Include="Configs\XML">
      <UniqueIdentifier>{5de335e5-6c60-48c0-9c10-eec8b83de023}</UniqueIdentifier>
    </Filter>
    <Filter Include="Configs\SceneManager">
      <UniqueIdentifier>{edf99eac-053f-482f-9b5c-602fc2a7ef13}</UniqueIdentifier>
    </Filter>
    <Filter Include="Lighting">
      <UniqueIdentifier>{cc2b873d-aee4-4bb7-b5c9-47823cd699b0}</UniqueIdentifier>
    </Filter>
    <Filter Include="Physics\ProjectileManager">
      <UniqueIdentifier>{80d33bb5-a93b-4afb-ac9c-05d12e109922}</UniqueIdentifier>
    </Filter>
    <Filter Include="Input">
      <UniqueIdentifier>{af15cec0-dcc6-4ea9-8e33-f521c56a5275}</UniqueIdentifier>
    </Filter>
    <Filter Include="Global">
      <UniqueIdentifier>{a970f2bf-7d60-4c57-a8fa-85872c9b0af0}</UniqueIdentifier>
    </Filter>
    <Filter Include="Cameras">
      <UniqueIdentifier>{7f418fd9-9a26-4383-8abb-a59f6bda1ab2}</UniqueIdentifier>
    </Filter>
    <Filter Include="WinContextMenu">
      <UniqueIdentifier>{6252bbe2-6283-41d5-9e00-af1eff5badd8}</UniqueIdentifier>
    </Filter>
  </ItemGroup>
  <ItemGroup>
    <ClCompile Include="Main.cpp">
      <Filter>Source Files</Filter>
    </ClCompile>
    <ClCompile Include="glad.c">
      <Filter>Source Files</Filter>
    </ClCompile>
    <ClCompile Include="cShader.cpp">
      <Filter>ShaderManager</Filter>
    </ClCompile>
    <ClCompile Include="cShaderManager.cpp">
      <Filter>ShaderManager</Filter>
    </ClCompile>
    <ClCompile Include="cVAOManager.cpp">
      <Filter>VAOManager</Filter>
    </ClCompile>
    <ClCompile Include="cMesh.cpp">
      <Filter>VAOManager</Filter>
    </ClCompile>
    <ClCompile Include="cParticleForceRegistry.cpp">
      <Filter>Physics</Filter>
    </ClCompile>
    <ClCompile Include="cParticleWorld.cpp">
      <Filter>Physics</Filter>
    </ClCompile>
    <ClCompile Include="particle_force_generators.cpp">
      <Filter>Physics</Filter>
    </ClCompile>
    <ClCompile Include="cParticle.cpp">
      <Filter>Physics</Filter>
    </ClCompile>
    <ClCompile Include="random_helpers.cpp">
      <Filter>Source Files</Filter>
    </ClCompile>
    <ClCompile Include="cFirework.cpp">
      <Filter>Physics\Fireworks</Filter>
    </ClCompile>
    <ClCompile Include="cBigChungus.cpp">
      <Filter>Physics\Fireworks</Filter>
    </ClCompile>
    <ClCompile Include="cVortex.cpp">
      <Filter>Physics\Fireworks</Filter>
    </ClCompile>
    <ClCompile Include="cSpiral.cpp">
      <Filter>Physics</Filter>
    </ClCompile>
    <ClCompile Include="cProjectile.cpp">
      <Filter>Physics\Projectiles</Filter>
    </ClCompile>
    <ClCompile Include="cBullet.cpp">
      <Filter>Physics\Projectiles</Filter>
    </ClCompile>
    <ClCompile Include="cCannonBall.cpp">
      <Filter>Physics\Projectiles</Filter>
    </ClCompile>
    <ClCompile Include="cLaser.cpp">
      <Filter>Physics\Projectiles</Filter>
    </ClCompile>
    <ClCompile Include="cEnergyBall.cpp">
      <Filter>Physics\Projectiles</Filter>
    </ClCompile>
    <ClCompile Include="SceneManager.cpp">
      <Filter>Configs\SceneManager</Filter>
    </ClCompile>
    <ClCompile Include="ProjectileManager.cpp">
      <Filter>Physics\ProjectileManager</Filter>
    </ClCompile>
    <ClCompile Include="CannonLoader.cpp">
      <Filter>Physics\ProjectileManager</Filter>
    </ClCompile>
    <ClCompile Include="cLightHelper.cpp">
      <Filter>Lighting</Filter>
    </ClCompile>
    <ClCompile Include="cLightManager.cpp">
      <Filter>Lighting</Filter>
    </ClCompile>
    <ClCompile Include="cGFLWKeyboardModifiers.cpp">
      <Filter>Input</Filter>
    </ClCompile>
    <ClCompile Include="GLFW_error_callback.cpp">
      <Filter>Input</Filter>
    </ClCompile>
    <ClCompile Include="GLFW_key_callback.cpp">
      <Filter>Input</Filter>
    </ClCompile>
    <ClCompile Include="InputHandling.cpp">
      <Filter>Input</Filter>
    </ClCompile>
    <ClCompile Include="GlobalItems.cpp">
      <Filter>Global</Filter>
    </ClCompile>
    <ClCompile Include="cFlyCamera.cpp">
      <Filter>Cameras</Filter>
    </ClCompile>
    <ClCompile Include="cWinContextMenu.cpp">
      <Filter>WinContextMenu</Filter>
    </ClCompile>
  </ItemGroup>
  <ItemGroup>
    <ClInclude Include="GLCommon.h">
      <Filter>Header Files</Filter>
    </ClInclude>
    <ClInclude Include="cShaderManager.h">
      <Filter>ShaderManager</Filter>
    </ClInclude>
    <ClInclude Include="cVAOManager.h">
      <Filter>VAOManager</Filter>
    </ClInclude>
    <ClInclude Include="cMesh.h">
      <Filter>VAOManager</Filter>
    </ClInclude>
    <ClInclude Include="cParticle.h">
      <Filter>Physics\Headers</Filter>
    </ClInclude>
    <ClInclude Include="cParticleForceRegistry.h">
      <Filter>Physics\Headers</Filter>
    </ClInclude>
    <ClInclude Include="cParticleWorld.h">
      <Filter>Physics\Headers</Filter>
    </ClInclude>
    <ClInclude Include="iParticleForceGenerator.h">
      <Filter>Physics\Headers</Filter>
    </ClInclude>
    <ClInclude Include="particle_force_generators.h">
      <Filter>Physics\Headers</Filter>
    </ClInclude>
    <ClInclude Include="random_helpers.h">
      <Filter>Header Files</Filter>
    </ClInclude>
    <ClInclude Include="cFirework.h">
      <Filter>Physics\Fireworks</Filter>
    </ClInclude>
    <ClInclude Include="cProjectile.h">
      <Filter>Physics\Projectiles</Filter>
    </ClInclude>
    <ClInclude Include="SceneManager.h">
      <Filter>Configs\SceneManager</Filter>
    </ClInclude>
    <ClInclude Include="ProjectileManager.h">
      <Filter>Physics\ProjectileManager</Filter>
    </ClInclude>
    <ClInclude Include="cLightHelper.h">
      <Filter>Lighting</Filter>
    </ClInclude>
    <ClInclude Include="cLightManager.h">
      <Filter>Lighting</Filter>
    </ClInclude>
    <ClInclude Include="GlobalItems.h">
      <Filter>Global</Filter>
    </ClInclude>
    <ClInclude Include="cFlyCamera.h">
      <Filter>Cameras</Filter>
    </ClInclude>
    <ClInclude Include="iCamera.h">
      <Filter>Cameras</Filter>
    </ClInclude>
    <ClInclude Include="cWinContextMenu.h">
      <Filter>WinContextMenu</Filter>
    </ClInclude>
  </ItemGroup>
  <ItemGroup>
    <Xml Include="assets\config\Cannon.xml">
      <Filter>Configs\XML</Filter>
    </Xml>
    <Xml Include="assets\config\Projectile.xml">
      <Filter>Configs\XML</Filter>
    </Xml>
    <Xml Include="assets\scenes\SceneOne.xml">
      <Filter>Configs\XML</Filter>
    </Xml>
  </ItemGroup>
</Project>