<?xml version="1.0" encoding="utf-8"?>
<Project ToolsVersion="4.0" xmlns="http://schemas.microsoft.com/developer/msbuild/2003">
  <ItemGroup>
    <Filter Include="Source Files">
      <UniqueIdentifier>{4FC737F1-C7A5-4376-A066-2A32D752A2FF}</UniqueIdentifier>
      <Extensions>cpp;c;cc;cxx;c++;cppm;ixx;def;odl;idl;hpj;bat;asm;asmx</Extensions>
    </Filter>
    <Filter Include="Header Files">
      <UniqueIdentifier>{93995380-89BD-4b04-88EB-625FBE52EBFB}</UniqueIdentifier>
      <Extensions>h;hh;hpp;hxx;h++;hm;inl;inc;ipp;xsd</Extensions>
    </Filter>
    <Filter Include="Resource Files">
      <UniqueIdentifier>{67DA6AB6-F800-4c08-8B7A-83BB121AAD01}</UniqueIdentifier>
      <Extensions>rc;ico;cur;bmp;dlg;rc2;rct;bin;rgs;gif;jpg;jpeg;jpe;resx;tiff;tif;png;wav;mfcribbon-ms</Extensions>
    </Filter>
    <Filter Include="Physics">
      <UniqueIdentifier>{9579675d-9225-4326-b6b7-c793bea023cf}</UniqueIdentifier>
    </Filter>
    <Filter Include="Configs">
      <UniqueIdentifier>{c1b33484-1d4c-4659-9bb1-fb74b8499b38}</UniqueIdentifier>
    </Filter>
    <Filter Include="Configs\XML">
      <UniqueIdentifier>{5de335e5-6c60-48c0-9c10-eec8b83de023}</UniqueIdentifier>
    </Filter>
    <Filter Include="Configs\SceneManager">
      <UniqueIdentifier>{edf99eac-053f-482f-9b5c-602fc2a7ef13}</UniqueIdentifier>
    </Filter>
    <Filter Include="Lighting">
      <UniqueIdentifier>{cc2b873d-aee4-4bb7-b5c9-47823cd699b0}</UniqueIdentifier>
    </Filter>
    <Filter Include="Input">
      <UniqueIdentifier>{af15cec0-dcc6-4ea9-8e33-f521c56a5275}</UniqueIdentifier>
    </Filter>
    <Filter Include="Global">
      <UniqueIdentifier>{a970f2bf-7d60-4c57-a8fa-85872c9b0af0}</UniqueIdentifier>
    </Filter>
    <Filter Include="Cameras">
      <UniqueIdentifier>{7f418fd9-9a26-4383-8abb-a59f6bda1ab2}</UniqueIdentifier>
    </Filter>
    <Filter Include="GameObjects">
      <UniqueIdentifier>{a7243ed0-1716-4ab7-b2e8-b4afad14f81c}</UniqueIdentifier>
    </Filter>
    <Filter Include="GameObjects\Doors">
      <UniqueIdentifier>{7468a3d5-6bc9-40ab-a398-9a1cc96974bf}</UniqueIdentifier>
    </Filter>
    <Filter Include="Mediator">
      <UniqueIdentifier>{30e8ba3d-8634-4f18-8f98-2627f8f258b7}</UniqueIdentifier>
    </Filter>
    <Filter Include="Tanks">
      <UniqueIdentifier>{37e1fa89-6914-44d5-be9c-26e93e5c6f07}</UniqueIdentifier>
    </Filter>
    <Filter Include="MapManager">
      <UniqueIdentifier>{2326776d-0ed6-4b75-a0c5-0b3d45dfb690}</UniqueIdentifier>
    </Filter>
    <Filter Include="Tanks\Factory">
      <UniqueIdentifier>{fd05fc57-58c6-4253-bbaf-9ca1e0826fe1}</UniqueIdentifier>
    </Filter>
    <Filter Include="Tanks\Bullet">
      <UniqueIdentifier>{f8d4bc4c-4bc7-4faa-a048-9e2d06dd21e4}</UniqueIdentifier>
    </Filter>
    <Filter Include="Tanks\Bullet\Manager">
      <UniqueIdentifier>{d97d65b2-420a-4797-bd81-c661b2aac50e}</UniqueIdentifier>
    </Filter>
    <Filter Include="GameObjects\Cannon">
      <UniqueIdentifier>{89ac31f8-17f8-4d43-b1e5-0ca6ed863e00}</UniqueIdentifier>
    </Filter>
    <Filter Include="GameObjects\Projectiles">
      <UniqueIdentifier>{60d5b1dd-3282-4072-b8e4-168cbe233b32}</UniqueIdentifier>
    </Filter>
    <Filter Include="GraphicsEngine">
      <UniqueIdentifier>{bf7a3ad8-b724-4857-9785-5336b6ede394}</UniqueIdentifier>
    </Filter>
    <Filter Include="GraphicsEngine\TextureManager">
      <UniqueIdentifier>{8319e84a-b01b-45c8-8989-dd3b0a798eb1}</UniqueIdentifier>
    </Filter>
    <Filter Include="GraphicsEngine\ShaderManager">
      <UniqueIdentifier>{056e4c24-99a0-4424-83cf-50c07b495a63}</UniqueIdentifier>
    </Filter>
    <Filter Include="GraphicsEngine\VAOManager">
      <UniqueIdentifier>{7e2bbd0e-1f53-4554-a834-1b9f1b665678}</UniqueIdentifier>
    </Filter>
    <Filter Include="GraphicsEngine\WinContextMenu">
      <UniqueIdentifier>{6252bbe2-6283-41d5-9e00-af1eff5badd8}</UniqueIdentifier>
    </Filter>
    <Filter Include="GraphicsEngine\ShaderManager\Shaders">
      <UniqueIdentifier>{e1dfe45f-d5ba-4130-a48a-6da4b8cdd332}</UniqueIdentifier>
    </Filter>
    <Filter Include="Physics\Particles">
      <UniqueIdentifier>{21b756b7-2bc8-4958-b4e6-a889262b342a}</UniqueIdentifier>
    </Filter>
    <Filter Include="Physics\Particles\Contact">
      <UniqueIdentifier>{7ba31e08-8bb9-451d-bcbe-b2f2e8b38f1c}</UniqueIdentifier>
    </Filter>
    <Filter Include="imgui">
      <UniqueIdentifier>{d9c69778-5cd0-447b-92a8-f2642eab2600}</UniqueIdentifier>
    </Filter>
    <Filter Include="Helpers">
      <UniqueIdentifier>{3b5fbfbf-298e-4d3e-b8d7-81ad6faca907}</UniqueIdentifier>
    </Filter>
    <Filter Include="Commands">
      <UniqueIdentifier>{37569951-dc3f-48c2-9bf9-676234f6d0f5}</UniqueIdentifier>
    </Filter>
    <Filter Include="Commands\IndividualCommands">
      <UniqueIdentifier>{e29b3132-1b48-485e-953b-26291b7179ea}</UniqueIdentifier>
    </Filter>
    <Filter Include="Configs\CommandReader">
      <UniqueIdentifier>{bd9b1a1f-33ab-4b90-965e-42b1cd559095}</UniqueIdentifier>
    </Filter>
    <Filter Include="GameObjects\Torches">
      <UniqueIdentifier>{042ebea7-1f14-488f-81ab-664ad981bddc}</UniqueIdentifier>
    </Filter>
    <Filter Include="GameObjects\PlayerShip">
      <UniqueIdentifier>{65ca8ed0-9f76-4834-ad60-80575fca239d}</UniqueIdentifier>
    </Filter>
    <Filter Include="GameObjects\InvaderEnemeys">
      <UniqueIdentifier>{66c64f8c-f0d3-4be2-9c69-26268814fc8f}</UniqueIdentifier>
    </Filter>
    <Filter Include="GameObjects\InvaderEnemeys\Manager">
      <UniqueIdentifier>{2bd8bf59-f126-4783-bfb4-13d2d718a5cf}</UniqueIdentifier>
    </Filter>
    <Filter Include="Configs\ObjectReader">
      <UniqueIdentifier>{13c88753-dfb3-461f-aeec-174e7f57681a}</UniqueIdentifier>
    </Filter>
    <Filter Include="GraphicsEngine\FBO">
      <UniqueIdentifier>{eba9029a-2beb-4aae-b3b0-d2345a78b328}</UniqueIdentifier>
    </Filter>
  </ItemGroup>
  <ItemGroup>
    <ClCompile Include="Main.cpp">
      <Filter>Source Files</Filter>
    </ClCompile>
    <ClCompile Include="glad.c">
      <Filter>Source Files</Filter>
    </ClCompile>
    <ClCompile Include="cShader.cpp">
      <Filter>GraphicsEngine\ShaderManager</Filter>
    </ClCompile>
    <ClCompile Include="cShaderManager.cpp">
      <Filter>GraphicsEngine\ShaderManager</Filter>
    </ClCompile>
    <ClCompile Include="cVAOManager.cpp">
      <Filter>GraphicsEngine\VAOManager</Filter>
    </ClCompile>
    <ClCompile Include="cMesh.cpp">
      <Filter>GraphicsEngine\VAOManager</Filter>
    </ClCompile>
    <ClCompile Include="SceneManager.cpp">
      <Filter>Configs\SceneManager</Filter>
    </ClCompile>
    <ClCompile Include="cLightHelper.cpp">
      <Filter>Lighting</Filter>
    </ClCompile>
    <ClCompile Include="cLightManager.cpp">
      <Filter>Lighting</Filter>
    </ClCompile>
    <ClCompile Include="cGFLWKeyboardModifiers.cpp">
      <Filter>Input</Filter>
    </ClCompile>
    <ClCompile Include="GLFW_error_callback.cpp">
      <Filter>Input</Filter>
    </ClCompile>
    <ClCompile Include="GLFW_key_callback.cpp">
      <Filter>Input</Filter>
    </ClCompile>
    <ClCompile Include="InputHandling.cpp">
      <Filter>Input</Filter>
    </ClCompile>
    <ClCompile Include="GlobalItems.cpp">
      <Filter>Global</Filter>
    </ClCompile>
    <ClCompile Include="cFlyCamera.cpp">
      <Filter>Cameras</Filter>
    </ClCompile>
    <ClCompile Include="cWinContextMenu.cpp">
      <Filter>GraphicsEngine\WinContextMenu</Filter>
    </ClCompile>
    <ClCompile Include="Doors.cpp">
      <Filter>GameObjects\Doors</Filter>
    </ClCompile>
    <ClCompile Include="LeftDoor.cpp">
      <Filter>GameObjects\Doors</Filter>
    </ClCompile>
    <ClCompile Include="RightDoor.cpp">
      <Filter>GameObjects\Doors</Filter>
    </ClCompile>
    <ClCompile Include="iMessage.h">
      <Filter>Mediator</Filter>
    </ClCompile>
    <ClCompile Include="MapManager.cpp">
      <Filter>MapManager</Filter>
    </ClCompile>
    <ClCompile Include="PlayerTank.cpp">
      <Filter>Tanks</Filter>
    </ClCompile>
    <ClCompile Include="TankFactory.cpp">
      <Filter>Tanks\Factory</Filter>
    </ClCompile>
    <ClCompile Include="StartUp.cpp">
      <Filter>Global</Filter>
    </ClCompile>
    <ClCompile Include="EnemyTank.cpp">
      <Filter>Tanks</Filter>
    </ClCompile>
    <ClCompile Include="Mediator.cpp">
      <Filter>Mediator</Filter>
    </ClCompile>
    <ClCompile Include="TankBullet.cpp">
      <Filter>Tanks\Bullet</Filter>
    </ClCompile>
    <ClCompile Include="TankProjectileManager.cpp">
      <Filter>Tanks\Bullet\Manager</Filter>
    </ClCompile>
    <ClCompile Include="TankLaser.cpp">
      <Filter>Tanks\Bullet\Manager</Filter>
    </ClCompile>
    <ClCompile Include="TankLaserDummy.cpp">
      <Filter>Tanks\Bullet\Manager</Filter>
    </ClCompile>
    <ClCompile Include="TheCannon.cpp">
      <Filter>GameObjects\Cannon</Filter>
    </ClCompile>
    <ClCompile Include="cProjectile.cpp">
      <Filter>GameObjects\Projectiles</Filter>
    </ClCompile>
    <ClCompile Include="cParticleContact.cpp">
      <Filter>Physics\Particles\Contact</Filter>
    </ClCompile>
    <ClCompile Include="cParticleContactResolver.cpp">
      <Filter>Physics\Particles\Contact</Filter>
    </ClCompile>
    <ClCompile Include="cParticleContactGenerators.cpp">
      <Filter>Physics\Particles\Contact</Filter>
    </ClCompile>
    <ClCompile Include="CleanUp.cpp">
      <Filter>Global</Filter>
    </ClCompile>
    <ClCompile Include="C24BitBMPpixel.cpp">
      <Filter>GraphicsEngine\TextureManager</Filter>
    </ClCompile>
    <ClCompile Include="cBasicTextureManager.cpp">
      <Filter>GraphicsEngine\TextureManager</Filter>
    </ClCompile>
    <ClCompile Include="CTextureFromBMP.cpp">
      <Filter>GraphicsEngine\TextureManager</Filter>
    </ClCompile>
    <ClCompile Include="DrawFunction.cpp">
      <Filter>GraphicsEngine</Filter>
    </ClCompile>
    <ClCompile Include="cParticle.cpp">
      <Filter>Physics\Particles</Filter>
    </ClCompile>
    <ClCompile Include="cParticleForceRegistry.cpp">
      <Filter>Physics\Particles</Filter>
    </ClCompile>
    <ClCompile Include="cParticleWorld.cpp">
      <Filter>Physics\Particles</Filter>
    </ClCompile>
    <ClCompile Include="particle_force_generators.cpp">
      <Filter>Physics\Particles</Filter>
    </ClCompile>
    <ClCompile Include="imgui\imgui_impl_glfw.cpp">
      <Filter>imgui</Filter>
    </ClCompile>
    <ClCompile Include="imgui\imgui_impl_opengl2.cpp">
      <Filter>imgui</Filter>
    </ClCompile>
    <ClCompile Include="TestMain.cpp">
      <Filter>Source Files</Filter>
    </ClCompile>
    <ClCompile Include="imgui\imgui.cpp">
      <Filter>imgui</Filter>
    </ClCompile>
    <ClCompile Include="imgui\imgui_demo.cpp">
      <Filter>imgui</Filter>
    </ClCompile>
    <ClCompile Include="imgui\imgui_draw.cpp">
      <Filter>imgui</Filter>
    </ClCompile>
    <ClCompile Include="imgui\imgui_tables.cpp">
      <Filter>imgui</Filter>
    </ClCompile>
    <ClCompile Include="imgui\imgui_widgets.cpp">
      <Filter>imgui</Filter>
    </ClCompile>
    <ClCompile Include="imgui\imgui_impl_opengl3.cpp">
      <Filter>imgui</Filter>
    </ClCompile>
    <ClCompile Include="random_helpers.cpp">
      <Filter>Helpers</Filter>
    </ClCompile>
    <ClCompile Include="GameObject.cpp">
      <Filter>GameObjects</Filter>
    </ClCompile>
    <ClCompile Include="cParticleConstraints.cpp">
      <Filter>Physics\Particles\Contact</Filter>
    </ClCompile>
    <ClCompile Include="EntitySystem.cpp">
      <Filter>GameObjects</Filter>
    </ClCompile>
    <ClCompile Include="CmdFollowObject.cpp">
      <Filter>Commands\IndividualCommands</Filter>
    </ClCompile>
    <ClCompile Include="CmdMoveToPosition.cpp">
      <Filter>Commands\IndividualCommands</Filter>
    </ClCompile>
    <ClCompile Include="CmdOrientTo.cpp">
      <Filter>Commands\IndividualCommands</Filter>
    </ClCompile>
    <ClCompile Include="CmdWaypoint.cpp">
      <Filter>Commands\IndividualCommands</Filter>
    </ClCompile>
    <ClCompile Include="CommandController.cpp">
      <Filter>Commands</Filter>
    </ClCompile>
    <ClCompile Include="CommandFactory.cpp">
      <Filter>Commands</Filter>
    </ClCompile>
    <ClCompile Include="CommandGroup.cpp">
      <Filter>Commands</Filter>
    </ClCompile>
    <ClCompile Include="TriggerController.cpp">
      <Filter>Commands</Filter>
    </ClCompile>
    <ClCompile Include="CommandReader.cpp">
      <Filter>Configs\CommandReader</Filter>
    </ClCompile>
    <ClCompile Include="Torch.cpp">
      <Filter>GameObjects\Torches</Filter>
    </ClCompile>
    <ClCompile Include="PlayerShip.cpp">
      <Filter>GameObjects\PlayerShip</Filter>
    </ClCompile>
    <ClCompile Include="InvaderLazer.cpp">
      <Filter>GameObjects\Projectiles</Filter>
    </ClCompile>
    <ClCompile Include="InvaderEnemyManager.cpp">
      <Filter>GameObjects\InvaderEnemeys\Manager</Filter>
    </ClCompile>
    <ClCompile Include="InvaderEnemy.cpp">
      <Filter>GameObjects\InvaderEnemeys</Filter>
    </ClCompile>
    <ClCompile Include="ObjectReader.cpp">
      <Filter>Configs\ObjectReader</Filter>
    </ClCompile>
    <ClCompile Include="cFBO.cpp">
      <Filter>GraphicsEngine\FBO</Filter>
    </ClCompile>
  </ItemGroup>
  <ItemGroup>
    <ClInclude Include="GLCommon.h">
      <Filter>Header Files</Filter>
    </ClInclude>
    <ClInclude Include="cShaderManager.h">
      <Filter>GraphicsEngine\ShaderManager</Filter>
    </ClInclude>
    <ClInclude Include="cVAOManager.h">
      <Filter>GraphicsEngine\VAOManager</Filter>
    </ClInclude>
    <ClInclude Include="cMesh.h">
      <Filter>GraphicsEngine\VAOManager</Filter>
    </ClInclude>
    <ClInclude Include="SceneManager.h">
      <Filter>Configs\SceneManager</Filter>
    </ClInclude>
    <ClInclude Include="cLightHelper.h">
      <Filter>Lighting</Filter>
    </ClInclude>
    <ClInclude Include="cLightManager.h">
      <Filter>Lighting</Filter>
    </ClInclude>
    <ClInclude Include="GlobalItems.h">
      <Filter>Global</Filter>
    </ClInclude>
    <ClInclude Include="cFlyCamera.h">
      <Filter>Cameras</Filter>
    </ClInclude>
    <ClInclude Include="iCamera.h">
      <Filter>Cameras</Filter>
    </ClInclude>
    <ClInclude Include="cWinContextMenu.h">
      <Filter>GraphicsEngine\WinContextMenu</Filter>
    </ClInclude>
    <ClInclude Include="Doors.h">
      <Filter>GameObjects\Doors</Filter>
    </ClInclude>
    <ClInclude Include="MapManager.h">
      <Filter>MapManager</Filter>
    </ClInclude>
    <ClInclude Include="iTank.h">
      <Filter>Tanks</Filter>
    </ClInclude>
    <ClInclude Include="PlayerTank.h">
      <Filter>Tanks</Filter>
    </ClInclude>
    <ClInclude Include="TankFactory.h">
      <Filter>Tanks\Factory</Filter>
    </ClInclude>
    <ClInclude Include="EnemyTank.h">
      <Filter>Tanks</Filter>
    </ClInclude>
    <ClInclude Include="Mediator.h">
      <Filter>Mediator</Filter>
    </ClInclude>
    <ClInclude Include="iTankProjectile.h">
      <Filter>Tanks\Bullet</Filter>
    </ClInclude>
    <ClInclude Include="TankProjectileManager.h">
      <Filter>Tanks\Bullet\Manager</Filter>
    </ClInclude>
    <ClInclude Include="TheCannon.h">
      <Filter>GameObjects\Cannon</Filter>
    </ClInclude>
    <ClInclude Include="cProjectile.h">
      <Filter>GameObjects\Projectiles</Filter>
    </ClInclude>
    <ClInclude Include="cParticleContact.h">
      <Filter>Physics\Particles\Contact</Filter>
    </ClInclude>
    <ClInclude Include="cParticleContactResolver.h">
      <Filter>Physics\Particles\Contact</Filter>
    </ClInclude>
    <ClInclude Include="iParticleContactGenerator.h">
      <Filter>Physics\Particles\Contact</Filter>
    </ClInclude>
    <ClInclude Include="cParticleContactGenerators.h">
      <Filter>Physics\Particles\Contact</Filter>
    </ClInclude>
    <ClInclude Include="C24BitBMPpixel.h">
      <Filter>GraphicsEngine\TextureManager</Filter>
    </ClInclude>
    <ClInclude Include="cBasicTextureManager.h">
      <Filter>GraphicsEngine\TextureManager</Filter>
    </ClInclude>
    <ClInclude Include="CTextureFromBMP.h">
      <Filter>GraphicsEngine\TextureManager</Filter>
    </ClInclude>
    <ClInclude Include="cParticle.h">
      <Filter>Physics\Particles</Filter>
    </ClInclude>
    <ClInclude Include="cParticleForceRegistry.h">
      <Filter>Physics\Particles</Filter>
    </ClInclude>
    <ClInclude Include="cParticleWorld.h">
      <Filter>Physics\Particles</Filter>
    </ClInclude>
    <ClInclude Include="iParticleForceGenerator.h">
      <Filter>Physics\Particles</Filter>
    </ClInclude>
    <ClInclude Include="particle_force_generators.h">
      <Filter>Physics\Particles</Filter>
    </ClInclude>
    <ClInclude Include="iEntity.h">
      <Filter>GameObjects</Filter>
    </ClInclude>
    <ClInclude Include="imgui\imgui_impl_glfw.h">
      <Filter>imgui</Filter>
    </ClInclude>
    <ClInclude Include="imgui\imgui_impl_opengl2.h">
      <Filter>imgui</Filter>
    </ClInclude>
    <ClInclude Include="imgui\imconfig.h">
      <Filter>imgui</Filter>
    </ClInclude>
    <ClInclude Include="imgui\imgui.h">
      <Filter>imgui</Filter>
    </ClInclude>
    <ClInclude Include="imgui\imgui_internal.h">
      <Filter>imgui</Filter>
    </ClInclude>
    <ClInclude Include="imgui\imstb_rectpack.h">
      <Filter>imgui</Filter>
    </ClInclude>
    <ClInclude Include="imgui\imstb_textedit.h">
      <Filter>imgui</Filter>
    </ClInclude>
    <ClInclude Include="imgui\imstb_truetype.h">
      <Filter>imgui</Filter>
    </ClInclude>
    <ClInclude Include="imgui\imgui_impl_opengl3.h">
      <Filter>imgui</Filter>
    </ClInclude>
    <ClInclude Include="imgui\imgui_impl_opengl3_loader.h">
      <Filter>imgui</Filter>
    </ClInclude>
    <ClInclude Include="GameObject.h">
      <Filter>GameObjects</Filter>
    </ClInclude>
    <ClInclude Include="random_helpers.h">
      <Filter>Helpers</Filter>
    </ClInclude>
    <ClInclude Include="QuaternionHelpers.h">
      <Filter>Helpers</Filter>
    </ClInclude>
    <ClInclude Include="cParticleConstraints.h">
      <Filter>Physics\Particles\Contact</Filter>
    </ClInclude>
    <ClInclude Include="EntitySystem.h">
      <Filter>GameObjects</Filter>
    </ClInclude>
    <ClInclude Include="CmdFollowObject.h">
      <Filter>Commands\IndividualCommands</Filter>
    </ClInclude>
    <ClInclude Include="CmdMoveToPosition.h">
      <Filter>Commands\IndividualCommands</Filter>
    </ClInclude>
    <ClInclude Include="CmdOrientTo.h">
      <Filter>Commands\IndividualCommands</Filter>
    </ClInclude>
    <ClInclude Include="CmdWaypoint.h">
      <Filter>Commands\IndividualCommands</Filter>
    </ClInclude>
    <ClInclude Include="CommandController.h">
      <Filter>Commands</Filter>
    </ClInclude>
    <ClInclude Include="CommandFactory.h">
      <Filter>Commands</Filter>
    </ClInclude>
    <ClInclude Include="CommandGroup.h">
      <Filter>Commands</Filter>
    </ClInclude>
    <ClInclude Include="iCommand.h">
      <Filter>Commands</Filter>
    </ClInclude>
    <ClInclude Include="TriggerController.h">
      <Filter>Commands</Filter>
    </ClInclude>
    <ClInclude Include="CommandReader.h">
      <Filter>Configs\CommandReader</Filter>
    </ClInclude>
    <ClInclude Include="MoveTowards.h">
      <Filter>Helpers</Filter>
    </ClInclude>
    <ClInclude Include="Torch.h">
      <Filter>GameObjects\Torches</Filter>
    </ClInclude>
    <ClInclude Include="PlayerShip.h">
      <Filter>GameObjects\PlayerShip</Filter>
    </ClInclude>
    <ClInclude Include="InvaderLazer.h">
      <Filter>GameObjects\Projectiles</Filter>
    </ClInclude>
    <ClInclude Include="InvaderEnemyManager.h">
      <Filter>GameObjects\InvaderEnemeys\Manager</Filter>
    </ClInclude>
    <ClInclude Include="InvaderEnemy.h">
      <Filter>GameObjects\InvaderEnemeys</Filter>
    </ClInclude>
    <ClInclude Include="ObjectReader.h">
      <Filter>Configs\ObjectReader</Filter>
    </ClInclude>
    <ClInclude Include="cFBO.h">
      <Filter>GraphicsEngine\FBO</Filter>
    </ClInclude>
  </ItemGroup>
  <ItemGroup>
    <Xml Include="assets\config\ObjectConfig.xml">
      <Filter>Configs\XML</Filter>
    </Xml>
    <Xml Include="assets\config\Projectile.xml">
      <Filter>Configs\XML</Filter>
    </Xml>
    <Xml Include="assets\scenes\SceneOne.xml">
      <Filter>Configs\XML</Filter>
    </Xml>
  </ItemGroup>
  <ItemGroup>
    <None Include="assets\shaders\fragShader_01.glsl">
      <Filter>GraphicsEngine\ShaderManager\Shaders</Filter>
    </None>
    <None Include="assets\shaders\vertShader_01.glsl">
      <Filter>GraphicsEngine\ShaderManager\Shaders</Filter>
    </None>
  </ItemGroup>
</Project>